{
  "lockfile_version": "1",
  "packages": {
    "bun@latest": {
      "last_modified": "2025-07-28T17:09:23Z",
      "resolved": "github:NixOS/nixpkgs/648f70160c03151bc2121d179291337ad6bc564b#bun",
      "source": "devbox-search",
      "version": "1.2.19",
      "systems": {
        "aarch64-darwin": {
          "outputs": [
            {
              "name": "out",
              "path": "/nix/store/l08n46gh7klp2k7nyvmnx79f8p4hysfn-bun-1.2.19",
              "default": true
            }
          ],
          "store_path": "/nix/store/l08n46gh7klp2k7nyvmnx79f8p4hysfn-bun-1.2.19"
        },
        "aarch64-linux": {
          "outputs": [
            {
              "name": "out",
              "path": "/nix/store/z8g8qnq77kiam9p28i0mgz1c593p20zj-bun-1.2.19",
              "default": true
            }
          ],
          "store_path": "/nix/store/z8g8qnq77kiam9p28i0mgz1c593p20zj-bun-1.2.19"
        },
        "x86_64-darwin": {
          "outputs": [
            {
              "name": "out",
              "path": "/nix/store/xqb8kv7x7jvw20568vprcbc0vvwwrr1w-bun-1.2.19",
              "default": true
            }
          ],
          "store_path": "/nix/store/xqb8kv7x7jvw20568vprcbc0vvwwrr1w-bun-1.2.19"
        },
        "x86_64-linux": {
          "outputs": [
            {
              "name": "out",
              "path": "/nix/store/vhsmlg6lmlgydrmjgqnn7zx524cn3q2x-bun-1.2.19",
              "default": true
            }
          ],
          "store_path": "/nix/store/vhsmlg6lmlgydrmjgqnn7zx524cn3q2x-bun-1.2.19"
        }
      }
    },
    "bundler@latest": {
      "last_modified": "2025-05-16T20:19:48Z",
      "resolved": "github:NixOS/nixpkgs/12a55407652e04dcf2309436eb06fef0d3713ef3#bundler",
      "source": "devbox-search",
      "version": "2.6.6",
      "systems": {
        "aarch64-darwin": {
          "outputs": [
            {
              "name": "out",
              "path": "/nix/store/6szwfx3qv23yr5wzrcbgr0mzp290vgpz-bundler-2.6.6",
              "default": true
            }
          ],
          "store_path": "/nix/store/6szwfx3qv23yr5wzrcbgr0mzp290vgpz-bundler-2.6.6"
        },
        "aarch64-linux": {
          "outputs": [
            {
              "name": "out",
              "path": "/nix/store/c9pn4xdhvrw16dghvm1d6ls4a1b0wjpb-bundler-2.6.6",
              "default": true
            }
          ],
          "store_path": "/nix/store/c9pn4xdhvrw16dghvm1d6ls4a1b0wjpb-bundler-2.6.6"
        },
        "x86_64-darwin": {
          "outputs": [
            {
              "name": "out",
              "path": "/nix/store/v67m9b65d8jcj8xzqyjdma51khd0dcqq-bundler-2.6.6",
              "default": true
            }
          ],
          "store_path": "/nix/store/v67m9b65d8jcj8xzqyjdma51khd0dcqq-bundler-2.6.6"
        },
        "x86_64-linux": {
          "outputs": [
            {
              "name": "out",
              "path": "/nix/store/b8a12lsj456w161krsp2r2m48rq14wmz-bundler-2.6.6",
              "default": true
            }
          ],
          "store_path": "/nix/store/b8a12lsj456w161krsp2r2m48rq14wmz-bundler-2.6.6"
        }
      }
    },
    "libyaml": {
      "resolved": "github:NixOS/nixpkgs/75a52265bda7fd25e06e3a67dee3f0354e73243c#libyaml",
      "source": "nixpkg"
    },
    "nodejs_20@latest": {
      "last_modified": "2025-05-19T23:16:24Z",
      "plugin_version": "0.0.2",
      "resolved": "github:NixOS/nixpkgs/359c442b7d1f6229c1dc978116d32d6c07fe8440#nodejs_20",
      "source": "devbox-search",
      "version": "20.19.2",
      "systems": {
        "aarch64-darwin": {
          "outputs": [
            {
              "name": "out",
              "path": "/nix/store/94chw39vss6h3pbjhh8bygiz0q477gzd-nodejs-20.19.2",
              "default": true
            },
            {
              "name": "dev",
              "path": "/nix/store/swzicw8mfidrka038zrmrx4lckk9k6zf-nodejs-20.19.2-dev"
            },
            {
              "name": "libv8",
              "path": "/nix/store/5m1fsrkl8xbz34ys87ggcsns8grdp30g-nodejs-20.19.2-libv8"
            }
          ],
          "store_path": "/nix/store/94chw39vss6h3pbjhh8bygiz0q477gzd-nodejs-20.19.2"
        },
        "aarch64-linux": {
          "outputs": [
            {
              "name": "out",
              "path": "/nix/store/gxw447rjm20g8jrzm2ccsqynx4bq2n1l-nodejs-20.19.2",
              "default": true
            },
            {
              "name": "dev",
              "path": "/nix/store/p05pi2gbvjvsr19si0fx17q1za84g9vg-nodejs-20.19.2-dev"
            },
            {
              "name": "libv8",
              "path": "/nix/store/j5rq19i98ssznln4cgfjg30kbmharzby-nodejs-20.19.2-libv8"
            }
          ],
          "store_path": "/nix/store/gxw447rjm20g8jrzm2ccsqynx4bq2n1l-nodejs-20.19.2"
        },
        "x86_64-darwin": {
          "outputs": [
            {
              "name": "out",
              "path": "/nix/store/bw8rnmhwkvipgcxjja0wi5mrjk0gvvkb-nodejs-20.19.2",
              "default": true
            },
            {
              "name": "dev",
              "path": "/nix/store/j5pww5w57s076b2mm5k4jm8grf2dviqa-nodejs-20.19.2-dev"
            },
            {
              "name": "libv8",
              "path": "/nix/store/kbwqyp27ljdc45lc2fv3j8vdd4m6l8py-nodejs-20.19.2-libv8"
            }
          ],
          "store_path": "/nix/store/bw8rnmhwkvipgcxjja0wi5mrjk0gvvkb-nodejs-20.19.2"
        },
        "x86_64-linux": {
          "outputs": [
            {
              "name": "out",
              "path": "/nix/store/4qx33yfkway214mhlgq3ph4gnfdp32ah-nodejs-20.19.2",
              "default": true
            },
            {
              "name": "dev",
              "path": "/nix/store/y85h8q99g1w8jdwiiz3i2zqmnl23rqhv-nodejs-20.19.2-dev"
            },
            {
              "name": "libv8",
              "path": "/nix/store/cikzmcbxfz97ym2jf76j843sh3z0x6r2-nodejs-20.19.2-libv8"
            }
          ],
          "store_path": "/nix/store/4qx33yfkway214mhlgq3ph4gnfdp32ah-nodejs-20.19.2"
        }
      }
    },
    "pkg-config@latest": {
      "last_modified": "2025-06-20T02:24:11Z",
      "resolved": "github:NixOS/nixpkgs/076e8c6678d8c54204abcb4b1b14c366835a58bb#pkg-config",
      "source": "devbox-search",
      "version": "0.29.2",
      "systems": {
        "aarch64-darwin": {
          "outputs": [
            {
              "name": "out",
              "path": "/nix/store/j9nb07545sxk3zqas364qr6l76k2yngx-pkg-config-wrapper-0.29.2",
              "default": true
            },
            {
              "name": "man",
              "path": "/nix/store/118ajwgbi18v3x7gw6bhaghx73vmcg1r-pkg-config-wrapper-0.29.2-man",
              "default": true
            },
            {
              "name": "doc",
              "path": "/nix/store/bc89g6cw3pjdjgy7l8bg05kcb25a48w6-pkg-config-wrapper-0.29.2-doc"
            }
          ],
          "store_path": "/nix/store/j9nb07545sxk3zqas364qr6l76k2yngx-pkg-config-wrapper-0.29.2"
        },
        "aarch64-linux": {
          "outputs": [
            {
              "name": "out",
              "path": "/nix/store/5s05cz77067lmd72glfqfw4gpjlp55v8-pkg-config-wrapper-0.29.2",
              "default": true
            },
            {
              "name": "man",
              "path": "/nix/store/f8fb6z69i7kqbcf6808mnand6azp465y-pkg-config-wrapper-0.29.2-man",
              "default": true
            },
            {
              "name": "doc",
              "path": "/nix/store/nh21jnbw07qwgpp08xqwa4c3rm376rwn-pkg-config-wrapper-0.29.2-doc"
            }
          ],
          "store_path": "/nix/store/5s05cz77067lmd72glfqfw4gpjlp55v8-pkg-config-wrapper-0.29.2"
        },
        "x86_64-darwin": {
          "outputs": [
            {
              "name": "out",
              "path": "/nix/store/887r8vk4kkhjdyx3ylib1hw1yc87da3w-pkg-config-wrapper-0.29.2",
              "default": true
            },
            {
              "name": "man",
              "path": "/nix/store/k80xbv034936d4r6fv9sksna4dvwir4f-pkg-config-wrapper-0.29.2-man",
              "default": true
            },
            {
              "name": "doc",
              "path": "/nix/store/im9fc6c6f47c5jwdi7msialfv1547mv5-pkg-config-wrapper-0.29.2-doc"
            }
          ],
          "store_path": "/nix/store/887r8vk4kkhjdyx3ylib1hw1yc87da3w-pkg-config-wrapper-0.29.2"
        },
        "x86_64-linux": {
          "outputs": [
            {
              "name": "out",
              "path": "/nix/store/h5khrpnjj3fb182sc32fx1z75w0lhksy-pkg-config-wrapper-0.29.2",
              "default": true
            },
            {
              "name": "man",
              "path": "/nix/store/91h890wwnhhim2mqcqc5zma429y5a1bs-pkg-config-wrapper-0.29.2-man",
              "default": true
            },
            {
              "name": "doc",
              "path": "/nix/store/j5rr62cl0856kc3jbvkxx683x29zhlq3-pkg-config-wrapper-0.29.2-doc"
            }
          ],
          "store_path": "/nix/store/h5khrpnjj3fb182sc32fx1z75w0lhksy-pkg-config-wrapper-0.29.2"
        }
      }
    },
    "ruby_3_3@latest": {
      "last_modified": "2024-09-10T15:01:03Z",
      "plugin_version": "0.0.2",
      "resolved": "github:NixOS/nixpkgs/5ed627539ac84809c78b2dd6d26a5cebeb5ae269#ruby",
      "source": "devbox-search",
      "version": "3.3.4",
      "systems": {
        "aarch64-darwin": {
          "outputs": [
            {
              "name": "out",
              "path": "/nix/store/zsngi7cq7asxc6kb0lcmbyydasfrmai6-ruby-3.3.4",
              "default": true
            },
            {
              "name": "devdoc",
              "path": "/nix/store/c0zmjmfw5pp00slwy842bd8zzy74pava-ruby-3.3.4-devdoc"
            }
          ],
          "store_path": "/nix/store/zsngi7cq7asxc6kb0lcmbyydasfrmai6-ruby-3.3.4"
        },
        "aarch64-linux": {
          "outputs": [
            {
              "name": "out",
              "path": "/nix/store/8vri7d6b75gspvnfrdpqnagfi5bbvis9-ruby-3.3.4",
              "default": true
            },
            {
              "name": "devdoc",
              "path": "/nix/store/bfrwr1n6pxd3hz31h589j317g290p0r5-ruby-3.3.4-devdoc"
            }
          ],
          "store_path": "/nix/store/8vri7d6b75gspvnfrdpqnagfi5bbvis9-ruby-3.3.4"
        },
        "x86_64-darwin": {
          "outputs": [
            {
              "name": "out",
              "path": "/nix/store/hksac0axpx3savrgmy75rid3smv0d9nj-ruby-3.3.4",
              "default": true
            },
            {
              "name": "devdoc",
              "path": "/nix/store/3564jxjgp9dk8vzjwb7i3fpzkpw74z3m-ruby-3.3.4-devdoc"
            }
          ],
          "store_path": "/nix/store/hksac0axpx3savrgmy75rid3smv0d9nj-ruby-3.3.4"
        },
        "x86_64-linux": {
          "outputs": [
            {
              "name": "out",
              "path": "/nix/store/2vg3asd3rmhng3wqvp781a1q5dhrr4yn-ruby-3.3.4",
              "default": true
            },
            {
              "name": "devdoc",
              "path": "/nix/store/2vgrf69lcz8ipawxipza3w7gsqdnbbnk-ruby-3.3.4-devdoc"
            }
          ],
          "store_path": "/nix/store/2vg3asd3rmhng3wqvp781a1q5dhrr4yn-ruby-3.3.4"
        }
      }
    }
  }
}
