# This file is generated by running "yarn install" inside your project.
# Manual changes might be lost - proceed with caution!

__metadata:
  version: 6
  cacheKey: 8

"@babel/runtime@npm:^7.15.4, @babel/runtime@npm:^7.17.8, @babel/runtime@npm:^7.21.0, @babel/runtime@npm:^7.23.8, @babel/runtime@npm:^7.9.2":
  version: 7.25.6
  resolution: "@babel/runtime@npm:7.25.6"
  dependencies:
    regenerator-runtime: ^0.14.0
  checksum: ee1a69d3ac7802803f5ee6a96e652b78b8addc28c6a38c725a4ad7d61a059d9e6cb9f6550ed2f63cce67a1bd82e0b1ef66a1079d895be6bfb536a5cfbd9ccc32
  languageName: node
  linkType: hard

"@planningcenter/icons@npm:^15.4.1":
  version: 15.16.5
  resolution: "@planningcenter/icons@npm:15.16.5"
  checksum: 858eb03e85d56dd2b08a7b70cc473d15c00ee58102b0d890583d3f5c811cd12fdccea578ef84e7bfa4d34296870e96c4f051bf720290a198883e88f03460e57c
  languageName: node
  linkType: hard

"@planningcenter/react-beautiful-dnd@npm:^13.4.0":
  version: 13.4.0
  resolution: "@planningcenter/react-beautiful-dnd@npm:13.4.0"
  dependencies:
    "@babel/runtime": ^7.9.2
    css-box-model: ^1.2.0
    memoize-one: ^5.1.1
    raf-schd: ^4.0.2
    react-redux: ^7.2.0
    redux: ^4.0.4
    use-memo-one: ^1.1.1
  peerDependencies:
    react: ^16.8.5 || ^17.0.0 || ^18.0.0
    react-dom: ^16.8.5 || ^17.0.0 || ^18.0.0
  checksum: c573c760a7bab573fa0bd08f0c8f856021dcf4c7af14c25e920307c02a38637e98e37e268e4a91447dba5cc3c38e93391001fed78d1e3c945c29e67294acc6f8
  languageName: node
  linkType: hard

"@planningcenter/tapestry-design-tokens@npm:^1.1.1":
  version: 1.1.1
  resolution: "@planningcenter/tapestry-design-tokens@npm:1.1.1"
  checksum: 42f7b36303621179965c122f4860886f8739c5a22fde05ad370763597c6f9ade1fa15b220f07eb028e007deb3bdab9795f816612740947189c49a08523f2a2a0
  languageName: node
  linkType: hard

"@planningcenter/tapestry-react@npm:4.4.0":
  version: 4.4.0
  resolution: "@planningcenter/tapestry-react@npm:4.4.0"
  dependencies:
    "@planningcenter/icons": ^15.4.1
    "@planningcenter/react-beautiful-dnd": ^13.4.0
    "@planningcenter/tapestry-design-tokens": ^1.1.1
    "@popmotion/popcorn": ^0.4.4
    "@popperjs/core": ^2.11.6
    "@react-hook/window-size": ^3.1.1
    date-fns: ^2.29.2
    focus-options-polyfill: ^1.6.0
    focus-visible: ^5.2.0
    lodash: ^4.17.21
    match-sorter: ^6.3.1
    mitt: ^3.0.0
    mousetrap: ^1.6.5
    polished: ^4.2.2
    popper-max-size-modifier: ^0.2.0
    react-sticky-box: ^1.0.2
    stylefire: ^7.0.3
    tabbable: ^6.0.0
    tiny-spring: ^1.0.0
    zustand: ^4.3.7
  peerDependencies:
    "@emotion/cache": ^11.10.5
    "@emotion/react": ^11.10.5
    react: ">=16.8.0 <19"
    react-dom: ">=16.8.0 <19"
  checksum: ee401ad174bf5c7deab3a29eda3e01975a9cf1da95abb39bc2e226c8f2e1c082a036e2cfc090ffac428c0cb877432d98a59f296c05b2b75a4de36f7384bc1703
  languageName: node
  linkType: hard

"@popmotion/easing@npm:^1.0.1":
  version: 1.0.2
  resolution: "@popmotion/easing@npm:1.0.2"
  checksum: 5825b083c9a4cc449809c876e0c9a4f7c7fc6f19bc62e20be9881c09e16ad6158c445c09a282870f9b8140e55167161f26cd366b8897201e1dbaee3b5abc4a0d
  languageName: node
  linkType: hard

"@popmotion/popcorn@npm:^0.4.4":
  version: 0.4.4
  resolution: "@popmotion/popcorn@npm:0.4.4"
  dependencies:
    "@popmotion/easing": ^1.0.1
    framesync: ^4.0.1
    hey-listen: ^1.0.8
    style-value-types: ^3.1.7
    tslib: ^1.10.0
  checksum: 70e433763ba5328dc9f82d26bf245ff965f6de0fd931fe15452e855a53b620dd90d45139234a5e0bfa8d3498a3f762bdd75c1e29f56705323571785ee526ea5e
  languageName: node
  linkType: hard

"@popperjs/core@npm:^2.11.6":
  version: 2.11.8
  resolution: "@popperjs/core@npm:2.11.8"
  checksum: e5c69fdebf52a4012f6a1f14817ca8e9599cb1be73dd1387e1785e2ed5e5f0862ff817f420a87c7fc532add1f88a12e25aeb010ffcbdc98eace3d55ce2139cf0
  languageName: node
  linkType: hard

"@react-hook/debounce@npm:^3.0.0":
  version: 3.0.0
  resolution: "@react-hook/debounce@npm:3.0.0"
  dependencies:
    "@react-hook/latest": ^1.0.2
  peerDependencies:
    react: ">=16.8"
  checksum: 3e4aad1daa3b6194c8bb41e6dbcf9f089a0af8480025152a72bd563558e5eee483a5080ccedcd21c2a1f9822f4e8010ab8113642e9dd8c015b3e0081f84aa23d
  languageName: node
  linkType: hard

"@react-hook/event@npm:^1.2.1":
  version: 1.2.6
  resolution: "@react-hook/event@npm:1.2.6"
  peerDependencies:
    react: ">=16.8"
  checksum: 993855566ca081858347ad5e3ef10dec5026eb84ae199a4d860cd86ebd06d56f1cc8778cc7d8f5aaa0733f3901f690d3d6c78275b45119c0a12dbf0f3265dc7f
  languageName: node
  linkType: hard

"@react-hook/latest@npm:^1.0.2":
  version: 1.0.3
  resolution: "@react-hook/latest@npm:1.0.3"
  peerDependencies:
    react: ">=16.8"
  checksum: 2408c9cd35c5cfa7697b6da3bc5eebef254a932ade70955074c474f23be7dd3e2f81bbba12edcc9208bd0f89c6ed366d6b11d4f6d7b1052877a0bac8f74afad4
  languageName: node
  linkType: hard

"@react-hook/throttle@npm:^2.2.0":
  version: 2.2.0
  resolution: "@react-hook/throttle@npm:2.2.0"
  dependencies:
    "@react-hook/latest": ^1.0.2
  peerDependencies:
    react: ">=16.8"
  checksum: fb763dc559602d1ba0b5c601ccfb5f1d872454727c8e827079e41819467d906b6524dbc43c7f78b6818249a31bd96c726b7ed12e68214e0cc5a00b15e939ccca
  languageName: node
  linkType: hard

"@react-hook/window-size@npm:^3.1.1":
  version: 3.1.1
  resolution: "@react-hook/window-size@npm:3.1.1"
  dependencies:
    "@react-hook/debounce": ^3.0.0
    "@react-hook/event": ^1.2.1
    "@react-hook/throttle": ^2.2.0
  peerDependencies:
    react: ">=16.8"
  checksum: 0acaa3a1cd985d2f24372a79acf97bc71af5823c6e002cec92ee5f5b326948ef901bf2a84a75d45ac4e7487c1c6ce1283cd1ada27bfeb9f8e461518c59881496
  languageName: node
  linkType: hard

"@types/hoist-non-react-statics@npm:^3.3.0":
  version: 3.3.5
  resolution: "@types/hoist-non-react-statics@npm:3.3.5"
  dependencies:
    "@types/react": "*"
    hoist-non-react-statics: ^3.3.0
  checksum: b645b062a20cce6ab1245ada8274051d8e2e0b2ee5c6bd58215281d0ec6dae2f26631af4e2e7c8abe238cdcee73fcaededc429eef569e70908f82d0cc0ea31d7
  languageName: node
  linkType: hard

"@types/prop-types@npm:*":
  version: 15.7.13
  resolution: "@types/prop-types@npm:15.7.13"
  checksum: 8935cad87c683c665d09a055919d617fe951cb3b2d5c00544e3a913f861a2bd8d2145b51c9aa6d2457d19f3107ab40784c40205e757232f6a80cc8b1c815513c
  languageName: node
  linkType: hard

"@types/react-redux@npm:^7.1.20":
  version: 7.1.34
  resolution: "@types/react-redux@npm:7.1.34"
  dependencies:
    "@types/hoist-non-react-statics": ^3.3.0
    "@types/react": "*"
    hoist-non-react-statics: ^3.3.0
    redux: ^4.0.0
  checksum: ba0cc5f54b91bff162cc97cf5d82d0077944e2d744c276c3c8eb896a293aba00923b513f5cd6ad717a46bf0c128a099ad697c98672202acb25143602042c8e6c
  languageName: node
  linkType: hard

"@types/react@npm:*":
  version: 18.3.9
  resolution: "@types/react@npm:18.3.9"
  dependencies:
    "@types/prop-types": "*"
    csstype: ^3.0.2
  checksum: ac8c7cf6f9c5c2ecef790f3db6f98c672fdec0884f4e4730777fd18823207231cdd1d2e4673f473ef17a096c73c87bff309e83b026fb2602ba068371f0dc54fe
  languageName: node
  linkType: hard

"css-box-model@npm:^1.2.0":
  version: 1.2.1
  resolution: "css-box-model@npm:1.2.1"
  dependencies:
    tiny-invariant: ^1.0.6
  checksum: 4d113f26fed6b9150e2c314502d00dabe06f12ae43a01a7e9b6e57f3de49b4281dbb0dc46a1158a7349618f8f34d9250af57cb43d7337e9485e73e6b821e470e
  languageName: node
  linkType: hard

"csstype@npm:^3.0.2":
  version: 3.1.3
  resolution: "csstype@npm:3.1.3"
  checksum: 8db785cc92d259102725b3c694ec0c823f5619a84741b5c7991b8ad135dfaa66093038a1cc63e03361a6cd28d122be48f2106ae72334e067dd619a51f49eddf7
  languageName: node
  linkType: hard

"date-fns@npm:^2.29.2":
  version: 2.30.0
  resolution: "date-fns@npm:2.30.0"
  dependencies:
    "@babel/runtime": ^7.21.0
  checksum: f7be01523282e9bb06c0cd2693d34f245247a29098527d4420628966a2d9aad154bd0e90a6b1cf66d37adcb769cd108cf8a7bd49d76db0fb119af5cdd13644f4
  languageName: node
  linkType: hard

"focus-options-polyfill@npm:^1.6.0":
  version: 1.6.0
  resolution: "focus-options-polyfill@npm:1.6.0"
  checksum: 72a87177016e99a341a01737c0b27c9af4eba66f2d6b0a0c74e4d788726f3e04fca3aa4b618bfd47f434ecfb852a1739ab2f900efaee136adc5b2b97b543be40
  languageName: node
  linkType: hard

"focus-visible@npm:^5.2.0":
  version: 5.2.1
  resolution: "focus-visible@npm:5.2.1"
  checksum: 9da7388e703315a8f933bb4fec4e2be5f1d655dfc91c388d1802ad53a99e1fa31a5be90866b7db83d48d8f7f771dd2df7d51445a37f48f7069823eceb5f34e64
  languageName: node
  linkType: hard

"framesync@npm:^4.0.0, framesync@npm:^4.0.1":
  version: 4.1.0
  resolution: "framesync@npm:4.1.0"
  dependencies:
    hey-listen: ^1.0.5
  checksum: 3caaddc32d3c8c4a5b0eacfb82d74aa63fc690765274ebbb8622555879aa713b36e8a557a917de4ae24d5f49e38f9c79459327493b071cec15a1fdea96601cea
  languageName: node
  linkType: hard

"hey-listen@npm:^1.0.5, hey-listen@npm:^1.0.8":
  version: 1.0.8
  resolution: "hey-listen@npm:1.0.8"
  checksum: 6bad60b367688f5348e25e7ca3276a74b59ac5a09b0455e6ff8ab7d4a9e38cd2116c708a7dcd8a954d27253ce1d8717ec891d175723ea739885b828cf44e4072
  languageName: node
  linkType: hard

"hoist-non-react-statics@npm:^3.3.0, hoist-non-react-statics@npm:^3.3.2":
  version: 3.3.2
  resolution: "hoist-non-react-statics@npm:3.3.2"
  dependencies:
    react-is: ^16.7.0
  checksum: b1538270429b13901ee586aa44f4cc3ecd8831c061d06cb8322e50ea17b3f5ce4d0e2e66394761e6c8e152cd8c34fb3b4b690116c6ce2bd45b18c746516cb9e8
  languageName: node
  linkType: hard

"js-tokens@npm:^3.0.0 || ^4.0.0":
  version: 4.0.0
  resolution: "js-tokens@npm:4.0.0"
  checksum: 8a95213a5a77deb6cbe94d86340e8d9ace2b93bc367790b260101d2f36a2eaf4e4e22d9fa9cf459b38af3a32fb4190e638024cf82ec95ef708680e405ea7cc78
  languageName: node
  linkType: hard

"lodash@npm:^4.17.21":
  version: 4.17.21
  resolution: "lodash@npm:4.17.21"
  checksum: eb835a2e51d381e561e508ce932ea50a8e5a68f4ebdd771ea240d3048244a8d13658acbd502cd4829768c56f2e16bdd4340b9ea141297d472517b83868e677f7
  languageName: node
  linkType: hard

"loose-envify@npm:^1.4.0":
  version: 1.4.0
  resolution: "loose-envify@npm:1.4.0"
  dependencies:
    js-tokens: ^3.0.0 || ^4.0.0
  bin:
    loose-envify: cli.js
  checksum: 6517e24e0cad87ec9888f500c5b5947032cdfe6ef65e1c1936a0c48a524b81e65542c9c3edc91c97d5bddc806ee2a985dbc79be89215d613b1de5db6d1cfe6f4
  languageName: node
  linkType: hard

"match-sorter@npm:^6.3.1":
  version: 6.3.4
  resolution: "match-sorter@npm:6.3.4"
  dependencies:
    "@babel/runtime": ^7.23.8
    remove-accents: 0.5.0
  checksum: 950c1600173a639e216947559a389b64258d52f33aea3a6ddb97500589888b83c976a028f731f40bc08d9d8af20de7916992fabb403f38330183a1df44c7634b
  languageName: node
  linkType: hard

"memoize-one@npm:^5.1.1":
  version: 5.2.1
  resolution: "memoize-one@npm:5.2.1"
  checksum: a3cba7b824ebcf24cdfcd234aa7f86f3ad6394b8d9be4c96ff756dafb8b51c7f71320785fbc2304f1af48a0467cbbd2a409efc9333025700ed523f254cb52e3d
  languageName: node
  linkType: hard

"mitt@npm:^3.0.0":
  version: 3.0.1
  resolution: "mitt@npm:3.0.1"
  checksum: b55a489ac9c2949ab166b7f060601d3b6d893a852515ae9eca4e11df01c013876df777ea109317622b5c1c60e8aae252558e33c8c94e14124db38f64a39614b1
  languageName: node
  linkType: hard

"mousetrap@npm:^1.6.5":
  version: 1.6.5
  resolution: "mousetrap@npm:1.6.5"
  checksum: 1ce36af5ac57e1fab687e3da004cc18914275f8ceef33f16d01110edc5126a5dbaace578b1e61179f93a506e71a88fe886f305db537a3673cf9f73affd1dffa6
  languageName: node
  linkType: hard

"object-assign@npm:^4.1.1":
  version: 4.1.1
  resolution: "object-assign@npm:4.1.1"
  checksum: fcc6e4ea8c7fe48abfbb552578b1c53e0d194086e2e6bbbf59e0a536381a292f39943c6e9628af05b5528aa5e3318bb30d6b2e53cadaf5b8fe9e12c4b69af23f
  languageName: node
  linkType: hard

"polished@npm:^4.2.2":
  version: 4.3.1
  resolution: "polished@npm:4.3.1"
  dependencies:
    "@babel/runtime": ^7.17.8
  checksum: a6f863c23f1d2f3f5cda3427b5885c9fb9e83b036d681e24820b143c7df40d2685bebb01c0939767120a28e1183671ae17c93db82ac30b3c20942180bb153bc7
  languageName: node
  linkType: hard

"popper-max-size-modifier@npm:^0.2.0":
  version: 0.2.0
  resolution: "popper-max-size-modifier@npm:0.2.0"
  peerDependencies:
    "@popperjs/core": ^2.2.0
  checksum: dfff7f91bd584393ef4416399377f5e2e9f7ffd458e176e85dfffa0951dd01eb923c8afb178061833a6c9598c7f0c6fc4693b43daa61423e7eb33247bb94ceb1
  languageName: node
  linkType: hard

"prop-types@npm:^15.7.2":
  version: 15.8.1
  resolution: "prop-types@npm:15.8.1"
  dependencies:
    loose-envify: ^1.4.0
    object-assign: ^4.1.1
    react-is: ^16.13.1
  checksum: c056d3f1c057cb7ff8344c645450e14f088a915d078dcda795041765047fa080d38e5d626560ccaac94a4e16e3aa15f3557c1a9a8d1174530955e992c675e459
  languageName: node
  linkType: hard

"raf-schd@npm:^4.0.2":
  version: 4.0.3
  resolution: "raf-schd@npm:4.0.3"
  checksum: 45514041c5ad31fa96aef3bb3c572a843b92da2f2cd1cb4a47c9ad58e48761d3a4126e18daa32b2bfa0bc2551a42d8f324a0e40e536cb656969929602b4e8b58
  languageName: node
  linkType: hard

"react-is@npm:^16.13.1, react-is@npm:^16.7.0":
  version: 16.13.1
  resolution: "react-is@npm:16.13.1"
  checksum: f7a19ac3496de32ca9ae12aa030f00f14a3d45374f1ceca0af707c831b2a6098ef0d6bdae51bd437b0a306d7f01d4677fcc8de7c0d331eb47ad0f46130e53c5f
  languageName: node
  linkType: hard

"react-is@npm:^17.0.2":
  version: 17.0.2
  resolution: "react-is@npm:17.0.2"
  checksum: 9d6d111d8990dc98bc5402c1266a808b0459b5d54830bbea24c12d908b536df7883f268a7868cfaedde3dd9d4e0d574db456f84d2e6df9c4526f99bb4b5344d8
  languageName: node
  linkType: hard

"react-redux@npm:^7.2.0":
  version: 7.2.9
  resolution: "react-redux@npm:7.2.9"
  dependencies:
    "@babel/runtime": ^7.15.4
    "@types/react-redux": ^7.1.20
    hoist-non-react-statics: ^3.3.2
    loose-envify: ^1.4.0
    prop-types: ^15.7.2
    react-is: ^17.0.2
  peerDependencies:
    react: ^16.8.3 || ^17 || ^18
  peerDependenciesMeta:
    react-dom:
      optional: true
    react-native:
      optional: true
  checksum: 369a2bdcf87915659af9e5c55abfd9f52a84e43e0d12dcc108ed17dbe6933558b7b7fc12caa9c10c1a10a8be7df89454b6c96989d8573fedec1a772c94a1f145
  languageName: node
  linkType: hard

"react-sticky-box@npm:^1.0.2":
  version: 1.0.2
  resolution: "react-sticky-box@npm:1.0.2"
  dependencies:
    resize-observer-polyfill: ^1.5.1
  peerDependencies:
    react: ">=16.8.0"
  checksum: 60ddc90ff2bc8c0597f8de8ca8f287dc20eff0f4d484225f35e426937cc5af223913a57efd63b68afbdbccae97be89416b01823977d21325ac96681277f719ca
  languageName: node
  linkType: hard

"redux@npm:^4.0.0, redux@npm:^4.0.4":
  version: 4.2.1
  resolution: "redux@npm:4.2.1"
  dependencies:
    "@babel/runtime": ^7.9.2
  checksum: f63b9060c3a1d930ae775252bb6e579b42415aee7a23c4114e21a0b4ba7ec12f0ec76936c00f546893f06e139819f0e2855e0d55ebfce34ca9c026241a6950dd
  languageName: node
  linkType: hard

"regenerator-runtime@npm:^0.14.0":
  version: 0.14.1
  resolution: "regenerator-runtime@npm:0.14.1"
  checksum: 9f57c93277b5585d3c83b0cf76be47b473ae8c6d9142a46ce8b0291a04bb2cf902059f0f8445dcabb3fb7378e5fe4bb4ea1e008876343d42e46d3b484534ce38
  languageName: node
  linkType: hard

"remove-accents@npm:0.5.0":
  version: 0.5.0
  resolution: "remove-accents@npm:0.5.0"
  checksum: 7045b37015acb03df406d21f9cbe93c3fcf2034189f5d2e33b1dace9c7d6bdcd839929905ced21a5d76c58553557e1a42651930728702312a5774179d5b9147b
  languageName: node
  linkType: hard

"resize-observer-polyfill@npm:^1.5.1":
  version: 1.5.1
  resolution: "resize-observer-polyfill@npm:1.5.1"
  checksum: 57e7f79489867b00ba43c9c051524a5c8f162a61d5547e99333549afc23e15c44fd43f2f318ea0261ea98c0eb3158cca261e6f48d66e1ed1cd1f340a43977094
  languageName: node
  linkType: hard

"style-value-types@npm:^3.1.7":
  version: 3.2.0
  resolution: "style-value-types@npm:3.2.0"
  dependencies:
    hey-listen: ^1.0.8
    tslib: ^1.10.0
  checksum: 26cee764836641e4423572a9f559ef22ac0f7759c3defc5514bb0c6376047839d70dcb9395819af461d15f50b0f9a1a518be1ffcc81b3cce7ca37d0c63a2c6c8
  languageName: node
  linkType: hard

"stylefire@npm:^7.0.3":
  version: 7.0.3
  resolution: "stylefire@npm:7.0.3"
  dependencies:
    "@popmotion/popcorn": ^0.4.4
    framesync: ^4.0.0
    hey-listen: ^1.0.8
    style-value-types: ^3.1.7
    tslib: ^1.10.0
  checksum: 42d9e578188fb1f9a6e28d951567d5ad8ef1ee1d58d03a969cbe210d21c899ef5f66212e3c5daa172e2696c72d6e206a5a0dd6db94e69c7f309881658abf5736
  languageName: node
  linkType: hard

"tabbable@npm:^6.0.0":
  version: 6.2.0
  resolution: "tabbable@npm:6.2.0"
  checksum: f8440277d223949272c74bb627a3371be21735ca9ad34c2570f7e1752bd646ccfc23a9d8b1ee65d6561243f4134f5fbbf1ad6b39ac3c4b586554accaff4a1300
  languageName: node
  linkType: hard

"test-js-auto-deploy-consumer@workspace:.":
  version: 0.0.0-use.local
  resolution: "test-js-auto-deploy-consumer@workspace:."
  dependencies:
    "@planningcenter/tapestry-react": 4.4.0
  languageName: unknown
  linkType: soft

"tiny-invariant@npm:^1.0.6":
  version: 1.3.3
  resolution: "tiny-invariant@npm:1.3.3"
  checksum: 5e185c8cc2266967984ce3b352a4e57cb89dad5a8abb0dea21468a6ecaa67cd5bb47a3b7a85d08041008644af4f667fb8b6575ba38ba5fb00b3b5068306e59fe
  languageName: node
  linkType: hard

"tiny-spring@npm:^1.0.0":
  version: 1.0.0
  resolution: "tiny-spring@npm:1.0.0"
  checksum: b78444febafc0336ede6b21755047a5f50dfce741fe9e6dbb88bee95310704c5fddb1b0b9187162ca7f16193b9eaf280d8a926ab5ac05d5e70d23915531d8d6b
  languageName: node
  linkType: hard

"tslib@npm:^1.10.0":
  version: 1.14.1
  resolution: "tslib@npm:1.14.1"
  checksum: dbe628ef87f66691d5d2959b3e41b9ca0045c3ee3c7c7b906cc1e328b39f199bb1ad9e671c39025bd56122ac57dfbf7385a94843b1cc07c60a4db74795829acd
  languageName: node
  linkType: hard

"use-memo-one@npm:^1.1.1":
  version: 1.1.3
  resolution: "use-memo-one@npm:1.1.3"
  peerDependencies:
    react: ^16.8.0 || ^17.0.0 || ^18.0.0
  checksum: 8f08eba26d69406b61bb4b8dacdd5a92bd6aef5b53d346dfe87954f7330ee10ecabc937cc7854635155d46053828e85c10b5a5aff7a04720e6a97b9f42999bac
  languageName: node
  linkType: hard

"use-sync-external-store@npm:1.2.2":
  version: 1.2.2
  resolution: "use-sync-external-store@npm:1.2.2"
  peerDependencies:
    react: ^16.8.0 || ^17.0.0 || ^18.0.0
  checksum: fe07c071c4da3645f112c38c0e57beb479a8838616ff4e92598256ecce527f2888c08febc7f9b2f0ce2f0e18540ba3cde41eb2035e4fafcb4f52955037098a81
  languageName: node
  linkType: hard

"zustand@npm:^4.3.7":
  version: 4.5.5
  resolution: "zustand@npm:4.5.5"
  dependencies:
    use-sync-external-store: 1.2.2
  peerDependencies:
    "@types/react": ">=16.8"
    immer: ">=9.0.6"
    react: ">=16.8"
  peerDependenciesMeta:
    "@types/react":
      optional: true
    immer:
      optional: true
    react:
      optional: true
  checksum: 654e47959970bc66bbf2ae80fced7e556dd488e9ee54eb678330cb036ecc7184f4b8c2cae273be28022533622c54ab6339bf3fe30d19236367c5c251b6c6679a
  languageName: node
  linkType: hard
